
Microsoft Visual Studio Solution File, Format Version 12.00
# Visual Studio Version 17
VisualStudioVersion = 17.0.31903.59
MinimumVisualStudioVersion = 10.0.40219.1
Project("{FAE04EC0-301F-11D3-BF4B-00C04F79EFBC}") = "SyteLineDevTools", "SyteLineDevTools\SyteLineDevTools.csproj", "{33BEE4BC-6AF9-4F82-BA89-750E76FE678D}"
EndProject
Project("{FAE04EC0-301F-11D3-BF4B-00C04F79EFBC}") = "SyteLineDevTools.MVVM", "SyteLineDevTools.Core\SyteLineDevTools.MVVM.csproj", "{87F46D17-2E4D-471F-85BC-0E26F56CD7F3}"
EndProject
Global
	GlobalSection(SolutionConfigurationPlatforms) = preSolution
		Debug|Any CPU = Debug|Any CPU
		Release|Any CPU = Release|Any CPU
	EndGlobalSection
	GlobalSection(ProjectConfigurationPlatforms) = postSolution
		{33BEE4BC-6AF9-4F82-BA89-750E76FE678D}.Debug|Any CPU.ActiveCfg = Debug|Any CPU
		{33BEE4BC-6AF9-4F82-BA89-750E76FE678D}.Debug|Any CPU.Build.0 = Debug|Any CPU
		{33BEE4BC-6AF9-4F82-BA89-750E76FE678D}.Release|Any CPU.ActiveCfg = Release|Any CPU
		{33BEE4BC-6AF9-4F82-BA89-750E76FE678D}.Release|Any CPU.Build.0 = Release|Any CPU
		{87F46D17-2E4D-471F-85BC-0E26F56CD7F3}.Debug|Any CPU.ActiveCfg = Debug|Any CPU
		{87F46D17-2E4D-471F-85BC-0E26F56CD7F3}.Debug|Any CPU.Build.0 = Debug|Any CPU
		{87F46D17-2E4D-471F-85BC-0E26F56CD7F3}.Release|Any CPU.ActiveCfg = Release|Any CPU
		{87F46D17-2E4D-471F-85BC-0E26F56CD7F3}.Release|Any CPU.Build.0 = Release|Any CPU
	EndGlobalSection
	GlobalSection(SolutionProperties) = preSolution
		HideSolutionNode = FALSE
	EndGlobalSection
	GlobalSection(ExtensibilityGlobals) = postSolution
		SolutionGuid = {E3E43A13-EFE8-4A3D-967A-16DCD3ED829F}
	EndGlobalSection
EndGlobal
